{
  "name": "muxrpc-validation",
  "version": "3.0.2",
  "lockfileVersion": 1,
  "requires": true,
  "dependencies": {
    "pull-stream": {
      "version": "3.6.11",
      "resolved": "https://registry.npmjs.org/pull-stream/-/pull-stream-3.6.11.tgz",
      "integrity": "sha512-43brwtqO0OSltctKbW1mgzzKH4TNE8egkW+Y4BFzlDWiG2Ayl7VKr4SeuoKacfgPfUWcSwcPlHsf40BEqNR32A=="
    },
    "zerr": {
      "version": "1.0.4",
      "resolved": "https://registry.npmjs.org/zerr/-/zerr-1.0.4.tgz",
      "integrity": "sha1-YoFN15nv+DYfKiKPQfcFxeGd5Mk="
    }
  }
}
